// !$*UTF8*$!
{
	archiveVersion = 1;
	classes = {
	};
	objectVersion = 45;
	objects = {

/* Begin PBXFileReference section */
		1C4CAC78146B33D200EB18C0 /* zmq_main.c */ = {isa = PBXFileReference; fileEncoding = 4; lastKnownFileType = sourcecode.c.c; path = zmq_main.c; sourceTree = "<group>"; };
		1C4CAC79146B33D200EB18C0 /* zmq_main.h */ = {isa = PBXFileReference; fileEncoding = 4; lastKnownFileType = sourcecode.c.h; path = zmq_main.h; sourceTree = "<group>"; };
		1C4CAC7A146B33D200EB18C0 /* zmq_worker.c */ = {isa = PBXFileReference; fileEncoding = 4; lastKnownFileType = sourcecode.c.c; path = zmq_worker.c; sourceTree = "<group>"; };
		1C4CAC7B146B33D200EB18C0 /* zmq_worker.h */ = {isa = PBXFileReference; fileEncoding = 4; lastKnownFileType = sourcecode.c.h; path = zmq_worker.h; sourceTree = "<group>"; };
		1C4CAC7E146B33EC00EB18C0 /* zmq.h */ = {isa = PBXFileReference; fileEncoding = 4; lastKnownFileType = sourcecode.c.h; path = zmq.h; sourceTree = "<group>"; };
		1C4CAC7F146B33EC00EB18C0 /* zmq.hpp */ = {isa = PBXFileReference; fileEncoding = 4; lastKnownFileType = sourcecode.cpp.h; path = zmq.hpp; sourceTree = "<group>"; };
		1C4CAC80146B33EC00EB18C0 /* zmq_utils.h */ = {isa = PBXFileReference; fileEncoding = 4; lastKnownFileType = sourcecode.c.h; path = zmq_utils.h; sourceTree = "<group>"; };
		1C4CAC82146B33EC00EB18C0 /* libzmq.1.dylib */ = {isa = PBXFileReference; lastKnownFileType = "compiled.mach-o.dylib"; path = libzmq.1.dylib; sourceTree = "<group>"; };
		1C4CAC83146B33EC00EB18C0 /* libzmq.a */ = {isa = PBXFileReference; lastKnownFileType = archive.ar; path = libzmq.a; sourceTree = "<group>"; };
		1C4CAC84146B33EC00EB18C0 /* libzmq.dylib */ = {isa = PBXFileReference; lastKnownFileType = "compiled.mach-o.dylib"; path = libzmq.dylib; sourceTree = "<group>"; };
		1C4CAC85146B33EC00EB18C0 /* libzmq.la */ = {isa = PBXFileReference; fileEncoding = 4; lastKnownFileType = text; path = libzmq.la; sourceTree = "<group>"; };
		1C4CAC87146B33EC00EB18C0 /* libzmq.pc */ = {isa = PBXFileReference; fileEncoding = 4; lastKnownFileType = text; path = libzmq.pc; sourceTree = "<group>"; };
		1C833292145455510019116D /* main.c */ = {isa = PBXFileReference; fileEncoding = 4; lastKnownFileType = sourcecode.c.c; path = main.c; sourceTree = "<group>"; };
		1C83332914549C170019116D /* main.h */ = {isa = PBXFileReference; fileEncoding = 4; lastKnownFileType = sourcecode.c.h; path = main.h; sourceTree = "<group>"; };
		1C83333F14549DCA0019116D /* CHANGE-LOG.txt */ = {isa = PBXFileReference; fileEncoding = 4; lastKnownFileType = text; path = "CHANGE-LOG.txt"; sourceTree = "<group>"; };
		1C83334014549DCA0019116D /* check.sh */ = {isa = PBXFileReference; fileEncoding = 4; lastKnownFileType = text.script.sh; path = check.sh; sourceTree = "<group>"; };
		1C83334114549DCA0019116D /* dSFMT-params.h */ = {isa = PBXFileReference; fileEncoding = 4; lastKnownFileType = sourcecode.c.h; path = "dSFMT-params.h"; sourceTree = "<group>"; };
		1C83334214549DCA0019116D /* dSFMT-params11213.h */ = {isa = PBXFileReference; fileEncoding = 4; lastKnownFileType = sourcecode.c.h; path = "dSFMT-params11213.h"; sourceTree = "<group>"; };
		1C83334314549DCA0019116D /* dSFMT-params1279.h */ = {isa = PBXFileReference; fileEncoding = 4; lastKnownFileType = sourcecode.c.h; path = "dSFMT-params1279.h"; sourceTree = "<group>"; };
		1C83334414549DCA0019116D /* dSFMT-params132049.h */ = {isa = PBXFileReference; fileEncoding = 4; lastKnownFileType = sourcecode.c.h; path = "dSFMT-params132049.h"; sourceTree = "<group>"; };
		1C83334514549DCA0019116D /* dSFMT-params19937.h */ = {isa = PBXFileReference; fileEncoding = 4; lastKnownFileType = sourcecode.c.h; path = "dSFMT-params19937.h"; sourceTree = "<group>"; };
		1C83334614549DCA0019116D /* dSFMT-params216091.h */ = {isa = PBXFileReference; fileEncoding = 4; lastKnownFileType = sourcecode.c.h; path = "dSFMT-params216091.h"; sourceTree = "<group>"; };
		1C83334714549DCA0019116D /* dSFMT-params2203.h */ = {isa = PBXFileReference; fileEncoding = 4; lastKnownFileType = sourcecode.c.h; path = "dSFMT-params2203.h"; sourceTree = "<group>"; };
		1C83334814549DCA0019116D /* dSFMT-params4253.h */ = {isa = PBXFileReference; fileEncoding = 4; lastKnownFileType = sourcecode.c.h; path = "dSFMT-params4253.h"; sourceTree = "<group>"; };
		1C83334914549DCA0019116D /* dSFMT-params44497.h */ = {isa = PBXFileReference; fileEncoding = 4; lastKnownFileType = sourcecode.c.h; path = "dSFMT-params44497.h"; sourceTree = "<group>"; };
		1C83334A14549DCA0019116D /* dSFMT-params521.h */ = {isa = PBXFileReference; fileEncoding = 4; lastKnownFileType = sourcecode.c.h; path = "dSFMT-params521.h"; sourceTree = "<group>"; };
		1C83334B14549DCA0019116D /* dSFMT-params86243.h */ = {isa = PBXFileReference; fileEncoding = 4; lastKnownFileType = sourcecode.c.h; path = "dSFMT-params86243.h"; sourceTree = "<group>"; };
		1C83334C14549DCA0019116D /* dSFMT.11213.out.txt */ = {isa = PBXFileReference; fileEncoding = 4; lastKnownFileType = text; path = dSFMT.11213.out.txt; sourceTree = "<group>"; };
		1C83334D14549DCA0019116D /* dSFMT.1279.out.txt */ = {isa = PBXFileReference; fileEncoding = 4; lastKnownFileType = text; path = dSFMT.1279.out.txt; sourceTree = "<group>"; };
		1C83334E14549DCA0019116D /* dSFMT.132049.out.txt */ = {isa = PBXFileReference; fileEncoding = 4; lastKnownFileType = text; path = dSFMT.132049.out.txt; sourceTree = "<group>"; };
		1C83334F14549DCA0019116D /* dSFMT.19937.out.txt */ = {isa = PBXFileReference; fileEncoding = 4; lastKnownFileType = text; path = dSFMT.19937.out.txt; sourceTree = "<group>"; };
		1C83335014549DCA0019116D /* dSFMT.216091.out.txt */ = {isa = PBXFileReference; fileEncoding = 4; lastKnownFileType = text; path = dSFMT.216091.out.txt; sourceTree = "<group>"; };
		1C83335114549DCA0019116D /* dSFMT.2203.out.txt */ = {isa = PBXFileReference; fileEncoding = 4; lastKnownFileType = text; path = dSFMT.2203.out.txt; sourceTree = "<group>"; };
		1C83335214549DCA0019116D /* dSFMT.4253.out.txt */ = {isa = PBXFileReference; fileEncoding = 4; lastKnownFileType = text; path = dSFMT.4253.out.txt; sourceTree = "<group>"; };
		1C83335314549DCA0019116D /* dSFMT.44497.out.txt */ = {isa = PBXFileReference; fileEncoding = 4; lastKnownFileType = text; path = dSFMT.44497.out.txt; sourceTree = "<group>"; };
		1C83335414549DCA0019116D /* dSFMT.521.out.txt */ = {isa = PBXFileReference; fileEncoding = 4; lastKnownFileType = text; path = dSFMT.521.out.txt; sourceTree = "<group>"; };
		1C83335514549DCA0019116D /* dSFMT.86243.out.txt */ = {isa = PBXFileReference; fileEncoding = 4; lastKnownFileType = text; path = dSFMT.86243.out.txt; sourceTree = "<group>"; };
		1C83335614549DCA0019116D /* dSFMT.c */ = {isa = PBXFileReference; fileEncoding = 4; lastKnownFileType = sourcecode.c.c; path = dSFMT.c; sourceTree = "<group>"; };
		1C83335714549DCA0019116D /* dSFMT.h */ = {isa = PBXFileReference; fileEncoding = 4; lastKnownFileType = sourcecode.c.h; path = dSFMT.h; sourceTree = "<group>"; };
		1C83335814549DCA0019116D /* FILES.txt */ = {isa = PBXFileReference; fileEncoding = 4; lastKnownFileType = text; path = FILES.txt; sourceTree = "<group>"; };
		1C83335A14549DCB0019116D /* annotated.html */ = {isa = PBXFileReference; fileEncoding = 4; lastKnownFileType = text.html; path = annotated.html; sourceTree = "<group>"; };
		1C83335B14549DCB0019116D /* d_s_f_m_t_8c.html */ = {isa = PBXFileReference; fileEncoding = 4; lastKnownFileType = text.html; path = d_s_f_m_t_8c.html; sourceTree = "<group>"; };
		1C83335C14549DCB0019116D /* d_s_f_m_t_8h-source.html */ = {isa = PBXFileReference; fileEncoding = 4; lastKnownFileType = text.html; path = "d_s_f_m_t_8h-source.html"; sourceTree = "<group>"; };
		1C83335D14549DCB0019116D /* d_s_f_m_t_8h.html */ = {isa = PBXFileReference; fileEncoding = 4; lastKnownFileType = text.html; path = d_s_f_m_t_8h.html; sourceTree = "<group>"; };
		1C83335E14549DCB0019116D /* doxygen.css */ = {isa = PBXFileReference; fileEncoding = 4; lastKnownFileType = text.css; path = doxygen.css; sourceTree = "<group>"; };
		1C83335F14549DCB0019116D /* doxygen.png */ = {isa = PBXFileReference; lastKnownFileType = image.png; path = doxygen.png; sourceTree = "<group>"; };
		1C83336014549DCB0019116D /* files.html */ = {isa = PBXFileReference; fileEncoding = 4; lastKnownFileType = text.html; path = files.html; sourceTree = "<group>"; };
		1C83336114549DCB0019116D /* functions.html */ = {isa = PBXFileReference; fileEncoding = 4; lastKnownFileType = text.html; path = functions.html; sourceTree = "<group>"; };
		1C83336214549DCB0019116D /* functions_vars.html */ = {isa = PBXFileReference; fileEncoding = 4; lastKnownFileType = text.html; path = functions_vars.html; sourceTree = "<group>"; };
		1C83336314549DCB0019116D /* globals.html */ = {isa = PBXFileReference; fileEncoding = 4; lastKnownFileType = text.html; path = globals.html; sourceTree = "<group>"; };
		1C83336414549DCB0019116D /* globals_defs.html */ = {isa = PBXFileReference; fileEncoding = 4; lastKnownFileType = text.html; path = globals_defs.html; sourceTree = "<group>"; };
		1C83336514549DCB0019116D /* globals_func.html */ = {isa = PBXFileReference; fileEncoding = 4; lastKnownFileType = text.html; path = globals_func.html; sourceTree = "<group>"; };
		1C83336614549DCB0019116D /* globals_type.html */ = {isa = PBXFileReference; fileEncoding = 4; lastKnownFileType = text.html; path = globals_type.html; sourceTree = "<group>"; };
		1C83336714549DCB0019116D /* globals_vars.html */ = {isa = PBXFileReference; fileEncoding = 4; lastKnownFileType = text.html; path = globals_vars.html; sourceTree = "<group>"; };
		1C83336814549DCB0019116D /* howto-compile.html */ = {isa = PBXFileReference; fileEncoding = 4; lastKnownFileType = text.html; path = "howto-compile.html"; sourceTree = "<group>"; };
		1C83336914549DCB0019116D /* index.html */ = {isa = PBXFileReference; fileEncoding = 4; lastKnownFileType = text.html; path = index.html; sourceTree = "<group>"; };
		1C83336A14549DCB0019116D /* mainpage_8txt.html */ = {isa = PBXFileReference; fileEncoding = 4; lastKnownFileType = text.html; path = mainpage_8txt.html; sourceTree = "<group>"; };
		1C83336B14549DCB0019116D /* struct_d_s_f_m_t___t.html */ = {isa = PBXFileReference; fileEncoding = 4; lastKnownFileType = text.html; path = "struct_d_s_f_m_t___t.html"; sourceTree = "<group>"; };
		1C83336C14549DCB0019116D /* tab_b.gif */ = {isa = PBXFileReference; lastKnownFileType = image.gif; path = tab_b.gif; sourceTree = "<group>"; };
		1C83336D14549DCB0019116D /* tab_l.gif */ = {isa = PBXFileReference; lastKnownFileType = image.gif; path = tab_l.gif; sourceTree = "<group>"; };
		1C83336E14549DCB0019116D /* tab_r.gif */ = {isa = PBXFileReference; lastKnownFileType = image.gif; path = tab_r.gif; sourceTree = "<group>"; };
		1C83336F14549DCB0019116D /* tabs.css */ = {isa = PBXFileReference; fileEncoding = 4; lastKnownFileType = text.css; path = tabs.css; sourceTree = "<group>"; };
		1C83337014549DCB0019116D /* union_w128___t.html */ = {isa = PBXFileReference; fileEncoding = 4; lastKnownFileType = text.html; path = "union_w128___t.html"; sourceTree = "<group>"; };
		1C83337114549DCB0019116D /* ipython_log.py */ = {isa = PBXFileReference; fileEncoding = 4; lastKnownFileType = text.script.python; path = ipython_log.py; sourceTree = "<group>"; };
		1C83337214549DCB0019116D /* LICENSE.txt */ = {isa = PBXFileReference; fileEncoding = 4; lastKnownFileType = text; path = LICENSE.txt; sourceTree = "<group>"; };
		1C83337314549DCB0019116D /* Makefile */ = {isa = PBXFileReference; fileEncoding = 4; lastKnownFileType = sourcecode.make; path = Makefile; sourceTree = "<group>"; };
		1C83337414549DCB0019116D /* README.jp.txt */ = {isa = PBXFileReference; fileEncoding = 4; lastKnownFileType = text; path = README.jp.txt; sourceTree = "<group>"; };
		1C83337514549DCB0019116D /* README.txt */ = {isa = PBXFileReference; fileEncoding = 4; lastKnownFileType = text; path = README.txt; sourceTree = "<group>"; };
		1C83337614549DCB0019116D /* test-sse2-M11213 */ = {isa = PBXFileReference; lastKnownFileType = "compiled.mach-o.executable"; path = "test-sse2-M11213"; sourceTree = "<group>"; };
		1C83337714549DCB0019116D /* test-sse2-M1279 */ = {isa = PBXFileReference; lastKnownFileType = "compiled.mach-o.executable"; path = "test-sse2-M1279"; sourceTree = "<group>"; };
		1C83337814549DCB0019116D /* test-sse2-M132049 */ = {isa = PBXFileReference; lastKnownFileType = "compiled.mach-o.executable"; path = "test-sse2-M132049"; sourceTree = "<group>"; };
		1C83337914549DCB0019116D /* test-sse2-M19937 */ = {isa = PBXFileReference; lastKnownFileType = "compiled.mach-o.executable"; path = "test-sse2-M19937"; sourceTree = "<group>"; };
		1C83337A14549DCB0019116D /* test-sse2-M216091 */ = {isa = PBXFileReference; lastKnownFileType = "compiled.mach-o.executable"; path = "test-sse2-M216091"; sourceTree = "<group>"; };
		1C83337B14549DCB0019116D /* test-sse2-M2203 */ = {isa = PBXFileReference; lastKnownFileType = "compiled.mach-o.executable"; path = "test-sse2-M2203"; sourceTree = "<group>"; };
		1C83337C14549DCB0019116D /* test-sse2-M4253 */ = {isa = PBXFileReference; lastKnownFileType = "compiled.mach-o.executable"; path = "test-sse2-M4253"; sourceTree = "<group>"; };
		1C83337D14549DCB0019116D /* test-sse2-M44497 */ = {isa = PBXFileReference; lastKnownFileType = "compiled.mach-o.executable"; path = "test-sse2-M44497"; sourceTree = "<group>"; };
		1C83337E14549DCB0019116D /* test-sse2-M521 */ = {isa = PBXFileReference; lastKnownFileType = "compiled.mach-o.executable"; path = "test-sse2-M521"; sourceTree = "<group>"; };
		1C83337F14549DCB0019116D /* test-sse2-M86243 */ = {isa = PBXFileReference; lastKnownFileType = "compiled.mach-o.executable"; path = "test-sse2-M86243"; sourceTree = "<group>"; };
		1C83338014549DCB0019116D /* test-std-M19937 */ = {isa = PBXFileReference; lastKnownFileType = "compiled.mach-o.executable"; path = "test-std-M19937"; sourceTree = "<group>"; };
		1C83338114549DCB0019116D /* test.c */ = {isa = PBXFileReference; fileEncoding = 4; lastKnownFileType = sourcecode.c.c; path = test.c; sourceTree = "<group>"; };
		1C8338A3145B42030019116D /* zigtest.c */ = {isa = PBXFileReference; fileEncoding = 4; lastKnownFileType = sourcecode.c.c; path = zigtest.c; sourceTree = "<group>"; };
		1C833914145B4AB90019116D /* ziggurat.h */ = {isa = PBXFileReference; fileEncoding = 4; lastKnownFileType = sourcecode.c.h; path = ziggurat.h; sourceTree = "<group>"; };
		1C833915145B4AB90019116D /* ziggurat.c */ = {isa = PBXFileReference; fileEncoding = 4; lastKnownFileType = sourcecode.c.c; path = ziggurat.c; sourceTree = "<group>"; };
/* End PBXFileReference section */

/* Begin PBXGroup section */
		08FB7794FE84155DC02AAC07 /* RW */ = {
			isa = PBXGroup;
			children = (
				1C4CAC78146B33D200EB18C0 /* zmq_main.c */,
				1C4CAC79146B33D200EB18C0 /* zmq_main.h */,
				1C4CAC7A146B33D200EB18C0 /* zmq_worker.c */,
				1C4CAC7B146B33D200EB18C0 /* zmq_worker.h */,
				1C833292145455510019116D /* main.c */,
				1C8338A3145B42030019116D /* zigtest.c */,
				1C83332914549C170019116D /* main.h */,
				1C833914145B4AB90019116D /* ziggurat.h */,
				1C833915145B4AB90019116D /* ziggurat.c */,
				1C4CAC7C146B33EC00EB18C0 /* zmq */,
				1C83333E14549DCA0019116D /* dSFMT-src-2.1 */,
			);
			name = RW;
			sourceTree = "<group>";
		};
		1C4CAC7C146B33EC00EB18C0 /* zmq */ = {
			isa = PBXGroup;
			children = (
				1C4CAC7D146B33EC00EB18C0 /* include */,
				1C4CAC81146B33EC00EB18C0 /* lib */,
				1C4CAC88146B33EC00EB18C0 /* share */,
			);
			path = zmq;
			sourceTree = "<group>";
		};
		1C4CAC7D146B33EC00EB18C0 /* include */ = {
			isa = PBXGroup;
			children = (
				1C4CAC7E146B33EC00EB18C0 /* zmq.h */,
				1C4CAC7F146B33EC00EB18C0 /* zmq.hpp */,
				1C4CAC80146B33EC00EB18C0 /* zmq_utils.h */,
			);
			path = include;
			sourceTree = "<group>";
		};
		1C4CAC81146B33EC00EB18C0 /* lib */ = {
			isa = PBXGroup;
			children = (
				1C4CAC82146B33EC00EB18C0 /* libzmq.1.dylib */,
				1C4CAC83146B33EC00EB18C0 /* libzmq.a */,
				1C4CAC84146B33EC00EB18C0 /* libzmq.dylib */,
				1C4CAC85146B33EC00EB18C0 /* libzmq.la */,
				1C4CAC86146B33EC00EB18C0 /* pkgconfig */,
			);
			path = lib;
			sourceTree = "<group>";
		};
		1C4CAC86146B33EC00EB18C0 /* pkgconfig */ = {
			isa = PBXGroup;
			children = (
				1C4CAC87146B33EC00EB18C0 /* libzmq.pc */,
			);
			path = pkgconfig;
			sourceTree = "<group>";
		};
		1C4CAC88146B33EC00EB18C0 /* share */ = {
			isa = PBXGroup;
			children = (
				1C4CAC89146B33EC00EB18C0 /* man */,
			);
			path = share;
			sourceTree = "<group>";
		};
		1C4CAC89146B33EC00EB18C0 /* man */ = {
			isa = PBXGroup;
			children = (
				1C4CAC8A146B33EC00EB18C0 /* man3 */,
				1C4CAC8B146B33EC00EB18C0 /* man7 */,
			);
			path = man;
			sourceTree = "<group>";
		};
		1C4CAC8A146B33EC00EB18C0 /* man3 */ = {
			isa = PBXGroup;
			children = (
			);
			path = man3;
			sourceTree = "<group>";
		};
		1C4CAC8B146B33EC00EB18C0 /* man7 */ = {
			isa = PBXGroup;
			children = (
			);
			path = man7;
			sourceTree = "<group>";
		};
		1C83333E14549DCA0019116D /* dSFMT-src-2.1 */ = {
			isa = PBXGroup;
			children = (
				1C83333F14549DCA0019116D /* CHANGE-LOG.txt */,
				1C83334014549DCA0019116D /* check.sh */,
				1C83334114549DCA0019116D /* dSFMT-params.h */,
				1C83334214549DCA0019116D /* dSFMT-params11213.h */,
				1C83334314549DCA0019116D /* dSFMT-params1279.h */,
				1C83334414549DCA0019116D /* dSFMT-params132049.h */,
				1C83334514549DCA0019116D /* dSFMT-params19937.h */,
				1C83334614549DCA0019116D /* dSFMT-params216091.h */,
				1C83334714549DCA0019116D /* dSFMT-params2203.h */,
				1C83334814549DCA0019116D /* dSFMT-params4253.h */,
				1C83334914549DCA0019116D /* dSFMT-params44497.h */,
				1C83334A14549DCA0019116D /* dSFMT-params521.h */,
				1C83334B14549DCA0019116D /* dSFMT-params86243.h */,
				1C83334C14549DCA0019116D /* dSFMT.11213.out.txt */,
				1C83334D14549DCA0019116D /* dSFMT.1279.out.txt */,
				1C83334E14549DCA0019116D /* dSFMT.132049.out.txt */,
				1C83334F14549DCA0019116D /* dSFMT.19937.out.txt */,
				1C83335014549DCA0019116D /* dSFMT.216091.out.txt */,
				1C83335114549DCA0019116D /* dSFMT.2203.out.txt */,
				1C83335214549DCA0019116D /* dSFMT.4253.out.txt */,
				1C83335314549DCA0019116D /* dSFMT.44497.out.txt */,
				1C83335414549DCA0019116D /* dSFMT.521.out.txt */,
				1C83335514549DCA0019116D /* dSFMT.86243.out.txt */,
				1C83335614549DCA0019116D /* dSFMT.c */,
				1C83335714549DCA0019116D /* dSFMT.h */,
				1C83335814549DCA0019116D /* FILES.txt */,
				1C83335914549DCA0019116D /* html */,
				1C83337114549DCB0019116D /* ipython_log.py */,
				1C83337214549DCB0019116D /* LICENSE.txt */,
				1C83337314549DCB0019116D /* Makefile */,
				1C83337414549DCB0019116D /* README.jp.txt */,
				1C83337514549DCB0019116D /* README.txt */,
				1C83337614549DCB0019116D /* test-sse2-M11213 */,
				1C83337714549DCB0019116D /* test-sse2-M1279 */,
				1C83337814549DCB0019116D /* test-sse2-M132049 */,
				1C83337914549DCB0019116D /* test-sse2-M19937 */,
				1C83337A14549DCB0019116D /* test-sse2-M216091 */,
				1C83337B14549DCB0019116D /* test-sse2-M2203 */,
				1C83337C14549DCB0019116D /* test-sse2-M4253 */,
				1C83337D14549DCB0019116D /* test-sse2-M44497 */,
				1C83337E14549DCB0019116D /* test-sse2-M521 */,
				1C83337F14549DCB0019116D /* test-sse2-M86243 */,
				1C83338014549DCB0019116D /* test-std-M19937 */,
				1C83338114549DCB0019116D /* test.c */,
			);
			path = "dSFMT-src-2.1";
			sourceTree = "<group>";
		};
		1C83335914549DCA0019116D /* html */ = {
			isa = PBXGroup;
			children = (
				1C83335A14549DCB0019116D /* annotated.html */,
				1C83335B14549DCB0019116D /* d_s_f_m_t_8c.html */,
				1C83335C14549DCB0019116D /* d_s_f_m_t_8h-source.html */,
				1C83335D14549DCB0019116D /* d_s_f_m_t_8h.html */,
				1C83335E14549DCB0019116D /* doxygen.css */,
				1C83335F14549DCB0019116D /* doxygen.png */,
				1C83336014549DCB0019116D /* files.html */,
				1C83336114549DCB0019116D /* functions.html */,
				1C83336214549DCB0019116D /* functions_vars.html */,
				1C83336314549DCB0019116D /* globals.html */,
				1C83336414549DCB0019116D /* globals_defs.html */,
				1C83336514549DCB0019116D /* globals_func.html */,
				1C83336614549DCB0019116D /* globals_type.html */,
				1C83336714549DCB0019116D /* globals_vars.html */,
				1C83336814549DCB0019116D /* howto-compile.html */,
				1C83336914549DCB0019116D /* index.html */,
				1C83336A14549DCB0019116D /* mainpage_8txt.html */,
				1C83336B14549DCB0019116D /* struct_d_s_f_m_t___t.html */,
				1C83336C14549DCB0019116D /* tab_b.gif */,
				1C83336D14549DCB0019116D /* tab_l.gif */,
				1C83336E14549DCB0019116D /* tab_r.gif */,
				1C83336F14549DCB0019116D /* tabs.css */,
				1C83337014549DCB0019116D /* union_w128___t.html */,
			);
			path = html;
			sourceTree = "<group>";
		};
/* End PBXGroup section */

/* Begin PBXLegacyTarget section */
		D28A88AD04BDD90700651E21 /* RW */ = {
			isa = PBXLegacyTarget;
			buildArgumentsString = "$(ACTION)";
			buildConfigurationList = 1DEB918F08733D9F0010E9CD /* Build configuration list for PBXLegacyTarget "RW" */;
			buildPhases = (
			);
			buildToolPath = /usr/bin/make;
			dependencies = (
			);
			name = RW;
			passBuildSettingsInEnvironment = 1;
			productName = RW;
		};
/* End PBXLegacyTarget section */

/* Begin PBXProject section */
		08FB7793FE84155DC02AAC07 /* Project object */ = {
			isa = PBXProject;
			attributes = {
				BuildIndependentTargetsInParallel = YES;
			};
			buildConfigurationList = 1DEB919308733D9F0010E9CD /* Build configuration list for PBXProject "RW" */;
			compatibilityVersion = "Xcode 3.1";
			hasScannedForEncodings = 1;
			mainGroup = 08FB7794FE84155DC02AAC07 /* RW */;
			projectDirPath = "";
			projectRoot = "";
			targets = (
				D28A88AD04BDD90700651E21 /* RW */,
			);
		};
/* End PBXProject section */

/* Begin XCBuildConfiguration section */
		1DEB919108733D9F0010E9CD /* Release */ = {
			isa = XCBuildConfiguration;
			buildSettings = {
				COPY_PHASE_STRIP = YES;
				GCC_ENABLE_FIX_AND_CONTINUE = NO;
				OTHER_CFLAGS = "-g";
				OTHER_LDFLAGS = "";
				PRODUCT_NAME = RW;
			};
			name = Release;
		};
		1DEB919508733D9F0010E9CD /* Release */ = {
			isa = XCBuildConfiguration;
			buildSettings = {
				ARCHS = "$(ARCHS_STANDARD_32_BIT)";
				GCC_WARN_ABOUT_RETURN_TYPE = YES;
				GCC_WARN_UNUSED_VARIABLE = YES;
				PREBINDING = NO;
				SDKROOT = macosx10.5;
			};
			name = Release;
		};
/* End XCBuildConfiguration section */

/* Begin XCConfigurationList section */
		1DEB918F08733D9F0010E9CD /* Build configuration list for PBXLegacyTarget "RW" */ = {
			isa = XCConfigurationList;
			buildConfigurations = (
				1DEB919108733D9F0010E9CD /* Release */,
			);
			defaultConfigurationIsVisible = 0;
			defaultConfigurationName = Release;
		};
		1DEB919308733D9F0010E9CD /* Build configuration list for PBXProject "RW" */ = {
			isa = XCConfigurationList;
			buildConfigurations = (
				1DEB919508733D9F0010E9CD /* Release */,
			);
			defaultConfigurationIsVisible = 0;
			defaultConfigurationName = Release;
		};
/* End XCConfigurationList section */
	};
	rootObject = 08FB7793FE84155DC02AAC07 /* Project object */;
}
